PODS:
  - YBWebViewController (0.1.0)

DEPENDENCIES:
  - YBWebViewController (from `../`)

EXTERNAL SOURCES:
  YBWebViewController:
    :path: ../

SPEC CHECKSUMS:
  YBWebViewController: 8f4378f0754963b8566c79177aa01c341fd1cc7c

PODFILE CHECKSUM: 6b6a4698bce48b1d75a40d4ca31465df9a2caa73

COCOAPODS: 1.0.0
